
Microsoft Visual Studio Solution File, Format Version 12.00
# Visual Studio 15
VisualStudioVersion = 15.0.27130.2027
MinimumVisualStudioVersion = 10.0.40219.1
Project("{FAE04EC0-301F-11D3-BF4B-00C04F79EFBC}") = "Pythagoras theorem", "Pythagoras theorem\Pythagoras theorem.csproj", "{6BF38140-CD4C-443D-B31F-B47CBC782204}"
EndProject
Global
	GlobalSection(SolutionConfigurationPlatforms) = preSolution
		Debug|Any CPU = Debug|Any CPU
		Release|Any CPU = Release|Any CPU
	EndGlobalSection
	GlobalSection(ProjectConfigurationPlatforms) = postSolution
		{6BF38140-CD4C-443D-B31F-B47CBC782204}.Debug|Any CPU.ActiveCfg = Debug|Any CPU
		{6BF38140-CD4C-443D-B31F-B47CBC782204}.Debug|Any CPU.Build.0 = Debug|Any CPU
		{6BF38140-CD4C-443D-B31F-B47CBC782204}.Release|Any CPU.ActiveCfg = Release|Any CPU
		{6BF38140-CD4C-443D-B31F-B47CBC782204}.Release|Any CPU.Build.0 = Release|Any CPU
	EndGlobalSection
	GlobalSection(SolutionProperties) = preSolution
		HideSolutionNode = FALSE
	EndGlobalSection
	GlobalSection(ExtensibilityGlobals) = postSolution
		SolutionGuid = {80F69E77-3A50-44B5-BA91-535149F6DD9A}
	EndGlobalSection
EndGlobal
