
Microsoft Visual Studio Solution File, Format Version 12.00
# Visual Studio 15
VisualStudioVersion = 15.0.27130.2027
MinimumVisualStudioVersion = 10.0.40219.1
Project("{FAE04EC0-301F-11D3-BF4B-00C04F79EFBC}") = "Money converter", "Money converter\Money converter.csproj", "{87965EA0-2250-4EAC-BB23-EA7995D4CB65}"
EndProject
Global
	GlobalSection(SolutionConfigurationPlatforms) = preSolution
		Debug|Any CPU = Debug|Any CPU
		Release|Any CPU = Release|Any CPU
	EndGlobalSection
	GlobalSection(ProjectConfigurationPlatforms) = postSolution
		{87965EA0-2250-4EAC-BB23-EA7995D4CB65}.Debug|Any CPU.ActiveCfg = Debug|Any CPU
		{87965EA0-2250-4EAC-BB23-EA7995D4CB65}.Debug|Any CPU.Build.0 = Debug|Any CPU
		{87965EA0-2250-4EAC-BB23-EA7995D4CB65}.Release|Any CPU.ActiveCfg = Release|Any CPU
		{87965EA0-2250-4EAC-BB23-EA7995D4CB65}.Release|Any CPU.Build.0 = Release|Any CPU
	EndGlobalSection
	GlobalSection(SolutionProperties) = preSolution
		HideSolutionNode = FALSE
	EndGlobalSection
	GlobalSection(ExtensibilityGlobals) = postSolution
		SolutionGuid = {56B8B72B-D815-421B-8557-43B2D698081B}
	EndGlobalSection
EndGlobal
