
Microsoft Visual Studio Solution File, Format Version 12.00
# Visual Studio 15
VisualStudioVersion = 15.0.27130.2027
MinimumVisualStudioVersion = 10.0.40219.1
Project("{FAE04EC0-301F-11D3-BF4B-00C04F79EFBC}") = "Even parity", "Even parity\Even parity.csproj", "{2F6AF6E1-77E7-4D21-BF90-38F12C3D6D77}"
EndProject
Global
	GlobalSection(SolutionConfigurationPlatforms) = preSolution
		Debug|Any CPU = Debug|Any CPU
		Release|Any CPU = Release|Any CPU
	EndGlobalSection
	GlobalSection(ProjectConfigurationPlatforms) = postSolution
		{2F6AF6E1-77E7-4D21-BF90-38F12C3D6D77}.Debug|Any CPU.ActiveCfg = Debug|Any CPU
		{2F6AF6E1-77E7-4D21-BF90-38F12C3D6D77}.Debug|Any CPU.Build.0 = Debug|Any CPU
		{2F6AF6E1-77E7-4D21-BF90-38F12C3D6D77}.Release|Any CPU.ActiveCfg = Release|Any CPU
		{2F6AF6E1-77E7-4D21-BF90-38F12C3D6D77}.Release|Any CPU.Build.0 = Release|Any CPU
	EndGlobalSection
	GlobalSection(SolutionProperties) = preSolution
		HideSolutionNode = FALSE
	EndGlobalSection
	GlobalSection(ExtensibilityGlobals) = postSolution
		SolutionGuid = {DC7B0FB0-C526-40B7-985C-43730E6276F6}
	EndGlobalSection
EndGlobal
