
Microsoft Visual Studio Solution File, Format Version 12.00
# Visual Studio 15
VisualStudioVersion = 15.0.27130.2027
MinimumVisualStudioVersion = 10.0.40219.1
Project("{FAE04EC0-301F-11D3-BF4B-00C04F79EFBC}") = "Maths Functions", "Maths Functions\Maths Functions.csproj", "{7091A5DA-4702-47B2-BCB4-090061AEF215}"
EndProject
Global
	GlobalSection(SolutionConfigurationPlatforms) = preSolution
		Debug|Any CPU = Debug|Any CPU
		Release|Any CPU = Release|Any CPU
	EndGlobalSection
	GlobalSection(ProjectConfigurationPlatforms) = postSolution
		{7091A5DA-4702-47B2-BCB4-090061AEF215}.Debug|Any CPU.ActiveCfg = Debug|Any CPU
		{7091A5DA-4702-47B2-BCB4-090061AEF215}.Debug|Any CPU.Build.0 = Debug|Any CPU
		{7091A5DA-4702-47B2-BCB4-090061AEF215}.Release|Any CPU.ActiveCfg = Release|Any CPU
		{7091A5DA-4702-47B2-BCB4-090061AEF215}.Release|Any CPU.Build.0 = Release|Any CPU
	EndGlobalSection
	GlobalSection(SolutionProperties) = preSolution
		HideSolutionNode = FALSE
	EndGlobalSection
	GlobalSection(ExtensibilityGlobals) = postSolution
		SolutionGuid = {2D123677-1086-4C38-A1A3-6CD129E6CF1C}
	EndGlobalSection
EndGlobal
