
Microsoft Visual Studio Solution File, Format Version 12.00
# Visual Studio 15
VisualStudioVersion = 15.0.27130.2027
MinimumVisualStudioVersion = 10.0.40219.1
Project("{FAE04EC0-301F-11D3-BF4B-00C04F79EFBC}") = "TEST1", "TEST1\TEST1.csproj", "{05FDD59F-2264-4E7E-A65B-C155545D986E}"
EndProject
Global
	GlobalSection(SolutionConfigurationPlatforms) = preSolution
		Debug|Any CPU = Debug|Any CPU
		Release|Any CPU = Release|Any CPU
	EndGlobalSection
	GlobalSection(ProjectConfigurationPlatforms) = postSolution
		{05FDD59F-2264-4E7E-A65B-C155545D986E}.Debug|Any CPU.ActiveCfg = Debug|Any CPU
		{05FDD59F-2264-4E7E-A65B-C155545D986E}.Debug|Any CPU.Build.0 = Debug|Any CPU
		{05FDD59F-2264-4E7E-A65B-C155545D986E}.Release|Any CPU.ActiveCfg = Release|Any CPU
		{05FDD59F-2264-4E7E-A65B-C155545D986E}.Release|Any CPU.Build.0 = Release|Any CPU
	EndGlobalSection
	GlobalSection(SolutionProperties) = preSolution
		HideSolutionNode = FALSE
	EndGlobalSection
	GlobalSection(ExtensibilityGlobals) = postSolution
		SolutionGuid = {D026B9C0-8C1F-4B94-A0EF-24D1BEE254B4}
	EndGlobalSection
EndGlobal
