
Microsoft Visual Studio Solution File, Format Version 12.00
# Visual Studio 15
VisualStudioVersion = 15.0.27130.2027
MinimumVisualStudioVersion = 10.0.40219.1
Project("{FAE04EC0-301F-11D3-BF4B-00C04F79EFBC}") = "Area of a circle", "Area of a circle\Area of a circle.csproj", "{9B02E38C-E42F-41DD-B0DF-27EE848D6B48}"
EndProject
Global
	GlobalSection(SolutionConfigurationPlatforms) = preSolution
		Debug|Any CPU = Debug|Any CPU
		Release|Any CPU = Release|Any CPU
	EndGlobalSection
	GlobalSection(ProjectConfigurationPlatforms) = postSolution
		{9B02E38C-E42F-41DD-B0DF-27EE848D6B48}.Debug|Any CPU.ActiveCfg = Debug|Any CPU
		{9B02E38C-E42F-41DD-B0DF-27EE848D6B48}.Debug|Any CPU.Build.0 = Debug|Any CPU
		{9B02E38C-E42F-41DD-B0DF-27EE848D6B48}.Release|Any CPU.ActiveCfg = Release|Any CPU
		{9B02E38C-E42F-41DD-B0DF-27EE848D6B48}.Release|Any CPU.Build.0 = Release|Any CPU
	EndGlobalSection
	GlobalSection(SolutionProperties) = preSolution
		HideSolutionNode = FALSE
	EndGlobalSection
	GlobalSection(ExtensibilityGlobals) = postSolution
		SolutionGuid = {F59B1DF6-0A3E-4DBE-BB75-5CA0B7005A33}
	EndGlobalSection
EndGlobal
