
Microsoft Visual Studio Solution File, Format Version 12.00
# Visual Studio 15
VisualStudioVersion = 15.0.27130.2027
MinimumVisualStudioVersion = 10.0.40219.1
Project("{FAE04EC0-301F-11D3-BF4B-00C04F79EFBC}") = "String Manipulation", "String Manipulation\String Manipulation.csproj", "{15072AE9-ABDD-4D6D-84B2-60AEE5F5BAF4}"
EndProject
Global
	GlobalSection(SolutionConfigurationPlatforms) = preSolution
		Debug|Any CPU = Debug|Any CPU
		Release|Any CPU = Release|Any CPU
	EndGlobalSection
	GlobalSection(ProjectConfigurationPlatforms) = postSolution
		{15072AE9-ABDD-4D6D-84B2-60AEE5F5BAF4}.Debug|Any CPU.ActiveCfg = Debug|Any CPU
		{15072AE9-ABDD-4D6D-84B2-60AEE5F5BAF4}.Debug|Any CPU.Build.0 = Debug|Any CPU
		{15072AE9-ABDD-4D6D-84B2-60AEE5F5BAF4}.Release|Any CPU.ActiveCfg = Release|Any CPU
		{15072AE9-ABDD-4D6D-84B2-60AEE5F5BAF4}.Release|Any CPU.Build.0 = Release|Any CPU
	EndGlobalSection
	GlobalSection(SolutionProperties) = preSolution
		HideSolutionNode = FALSE
	EndGlobalSection
	GlobalSection(ExtensibilityGlobals) = postSolution
		SolutionGuid = {AD0C8AED-E254-4090-AEA7-8302566C81B7}
	EndGlobalSection
EndGlobal
