
Microsoft Visual Studio Solution File, Format Version 12.00
# Visual Studio 15
VisualStudioVersion = 15.0.27130.2027
MinimumVisualStudioVersion = 10.0.40219.1
Project("{FAE04EC0-301F-11D3-BF4B-00C04F79EFBC}") = "Subroutines 4", "Subroutines 4\Subroutines 4.csproj", "{E9309345-5C2F-49D8-A872-89311D5EDF7D}"
EndProject
Global
	GlobalSection(SolutionConfigurationPlatforms) = preSolution
		Debug|Any CPU = Debug|Any CPU
		Release|Any CPU = Release|Any CPU
	EndGlobalSection
	GlobalSection(ProjectConfigurationPlatforms) = postSolution
		{E9309345-5C2F-49D8-A872-89311D5EDF7D}.Debug|Any CPU.ActiveCfg = Debug|Any CPU
		{E9309345-5C2F-49D8-A872-89311D5EDF7D}.Debug|Any CPU.Build.0 = Debug|Any CPU
		{E9309345-5C2F-49D8-A872-89311D5EDF7D}.Release|Any CPU.ActiveCfg = Release|Any CPU
		{E9309345-5C2F-49D8-A872-89311D5EDF7D}.Release|Any CPU.Build.0 = Release|Any CPU
	EndGlobalSection
	GlobalSection(SolutionProperties) = preSolution
		HideSolutionNode = FALSE
	EndGlobalSection
	GlobalSection(ExtensibilityGlobals) = postSolution
		SolutionGuid = {307E476C-52F3-4BCD-B7BB-0676088F2126}
	EndGlobalSection
EndGlobal
