
Microsoft Visual Studio Solution File, Format Version 12.00
# Visual Studio 15
VisualStudioVersion = 15.0.27130.2027
MinimumVisualStudioVersion = 10.0.40219.1
Project("{FAE04EC0-301F-11D3-BF4B-00C04F79EFBC}") = "Days Lived For", "Days Lived For\Days Lived For.csproj", "{E08D0BAF-96E8-40E3-86EC-F1D2FBEAB1BE}"
EndProject
Global
	GlobalSection(SolutionConfigurationPlatforms) = preSolution
		Debug|Any CPU = Debug|Any CPU
		Release|Any CPU = Release|Any CPU
	EndGlobalSection
	GlobalSection(ProjectConfigurationPlatforms) = postSolution
		{E08D0BAF-96E8-40E3-86EC-F1D2FBEAB1BE}.Debug|Any CPU.ActiveCfg = Debug|Any CPU
		{E08D0BAF-96E8-40E3-86EC-F1D2FBEAB1BE}.Debug|Any CPU.Build.0 = Debug|Any CPU
		{E08D0BAF-96E8-40E3-86EC-F1D2FBEAB1BE}.Release|Any CPU.ActiveCfg = Release|Any CPU
		{E08D0BAF-96E8-40E3-86EC-F1D2FBEAB1BE}.Release|Any CPU.Build.0 = Release|Any CPU
	EndGlobalSection
	GlobalSection(SolutionProperties) = preSolution
		HideSolutionNode = FALSE
	EndGlobalSection
	GlobalSection(ExtensibilityGlobals) = postSolution
		SolutionGuid = {DC652CD9-BA87-4719-A34A-60E15EAC1FB6}
	EndGlobalSection
EndGlobal
