
Microsoft Visual Studio Solution File, Format Version 12.00
# Visual Studio 15
VisualStudioVersion = 15.0.27130.2027
MinimumVisualStudioVersion = 10.0.40219.1
Project("{FAE04EC0-301F-11D3-BF4B-00C04F79EFBC}") = "one two or three", "one two or three\one two or three.csproj", "{32F6984E-7C84-40F5-89BE-F58149724EAC}"
EndProject
Global
	GlobalSection(SolutionConfigurationPlatforms) = preSolution
		Debug|Any CPU = Debug|Any CPU
		Release|Any CPU = Release|Any CPU
	EndGlobalSection
	GlobalSection(ProjectConfigurationPlatforms) = postSolution
		{32F6984E-7C84-40F5-89BE-F58149724EAC}.Debug|Any CPU.ActiveCfg = Debug|Any CPU
		{32F6984E-7C84-40F5-89BE-F58149724EAC}.Debug|Any CPU.Build.0 = Debug|Any CPU
		{32F6984E-7C84-40F5-89BE-F58149724EAC}.Release|Any CPU.ActiveCfg = Release|Any CPU
		{32F6984E-7C84-40F5-89BE-F58149724EAC}.Release|Any CPU.Build.0 = Release|Any CPU
	EndGlobalSection
	GlobalSection(SolutionProperties) = preSolution
		HideSolutionNode = FALSE
	EndGlobalSection
	GlobalSection(ExtensibilityGlobals) = postSolution
		SolutionGuid = {2FBC2937-9D7C-43A6-AA47-743232D345BB}
	EndGlobalSection
EndGlobal
