
Microsoft Visual Studio Solution File, Format Version 12.00
# Visual Studio 15
VisualStudioVersion = 15.0.27130.2027
MinimumVisualStudioVersion = 10.0.40219.1
Project("{FAE04EC0-301F-11D3-BF4B-00C04F79EFBC}") = "Average of five numbers", "Average of five numbers\Average of five numbers.csproj", "{E53191D5-3184-43DE-9528-FBD04E02DDFD}"
EndProject
Global
	GlobalSection(SolutionConfigurationPlatforms) = preSolution
		Debug|Any CPU = Debug|Any CPU
		Release|Any CPU = Release|Any CPU
	EndGlobalSection
	GlobalSection(ProjectConfigurationPlatforms) = postSolution
		{E53191D5-3184-43DE-9528-FBD04E02DDFD}.Debug|Any CPU.ActiveCfg = Debug|Any CPU
		{E53191D5-3184-43DE-9528-FBD04E02DDFD}.Debug|Any CPU.Build.0 = Debug|Any CPU
		{E53191D5-3184-43DE-9528-FBD04E02DDFD}.Release|Any CPU.ActiveCfg = Release|Any CPU
		{E53191D5-3184-43DE-9528-FBD04E02DDFD}.Release|Any CPU.Build.0 = Release|Any CPU
	EndGlobalSection
	GlobalSection(SolutionProperties) = preSolution
		HideSolutionNode = FALSE
	EndGlobalSection
	GlobalSection(ExtensibilityGlobals) = postSolution
		SolutionGuid = {C527D8D1-A57F-4698-B2CF-ACB3CFC61566}
	EndGlobalSection
EndGlobal
