
Microsoft Visual Studio Solution File, Format Version 12.00
# Visual Studio 15
VisualStudioVersion = 15.0.27130.2027
MinimumVisualStudioVersion = 10.0.40219.1
Project("{FAE04EC0-301F-11D3-BF4B-00C04F79EFBC}") = "Hello World!", "Hello World!\Hello World!.csproj", "{EC1E5DE4-241C-4DFD-AD9E-EF6BF8D6EA38}"
EndProject
Global
	GlobalSection(SolutionConfigurationPlatforms) = preSolution
		Debug|Any CPU = Debug|Any CPU
		Release|Any CPU = Release|Any CPU
	EndGlobalSection
	GlobalSection(ProjectConfigurationPlatforms) = postSolution
		{EC1E5DE4-241C-4DFD-AD9E-EF6BF8D6EA38}.Debug|Any CPU.ActiveCfg = Debug|Any CPU
		{EC1E5DE4-241C-4DFD-AD9E-EF6BF8D6EA38}.Debug|Any CPU.Build.0 = Debug|Any CPU
		{EC1E5DE4-241C-4DFD-AD9E-EF6BF8D6EA38}.Release|Any CPU.ActiveCfg = Release|Any CPU
		{EC1E5DE4-241C-4DFD-AD9E-EF6BF8D6EA38}.Release|Any CPU.Build.0 = Release|Any CPU
	EndGlobalSection
	GlobalSection(SolutionProperties) = preSolution
		HideSolutionNode = FALSE
	EndGlobalSection
	GlobalSection(ExtensibilityGlobals) = postSolution
		SolutionGuid = {5DDCD766-E37A-4CDB-9F3A-449EADE3CE62}
	EndGlobalSection
EndGlobal
