
Microsoft Visual Studio Solution File, Format Version 12.00
# Visual Studio 15
VisualStudioVersion = 15.0.27130.2027
MinimumVisualStudioVersion = 10.0.40219.1
Project("{FAE04EC0-301F-11D3-BF4B-00C04F79EFBC}") = "Doubles", "Doubles\Doubles.csproj", "{4036A77D-6323-4355-AA7E-04730894A18F}"
EndProject
Global
	GlobalSection(SolutionConfigurationPlatforms) = preSolution
		Debug|Any CPU = Debug|Any CPU
		Release|Any CPU = Release|Any CPU
	EndGlobalSection
	GlobalSection(ProjectConfigurationPlatforms) = postSolution
		{4036A77D-6323-4355-AA7E-04730894A18F}.Debug|Any CPU.ActiveCfg = Debug|Any CPU
		{4036A77D-6323-4355-AA7E-04730894A18F}.Debug|Any CPU.Build.0 = Debug|Any CPU
		{4036A77D-6323-4355-AA7E-04730894A18F}.Release|Any CPU.ActiveCfg = Release|Any CPU
		{4036A77D-6323-4355-AA7E-04730894A18F}.Release|Any CPU.Build.0 = Release|Any CPU
	EndGlobalSection
	GlobalSection(SolutionProperties) = preSolution
		HideSolutionNode = FALSE
	EndGlobalSection
	GlobalSection(ExtensibilityGlobals) = postSolution
		SolutionGuid = {6761F9E8-1D33-4CA1-8964-E556CD3BE655}
	EndGlobalSection
EndGlobal
